
Microsoft Visual Studio Solution File, Format Version 12.00
# Visual Studio Version 16
VisualStudioVersion = 16.0.29123.88
MinimumVisualStudioVersion = 10.0.40219.1
Project("{FAE04EC0-301F-11D3-BF4B-00C04F79EFBC}") = "ArduinoCommunication", "ArduinoCommunication\ArduinoCommunication.csproj", "{AB5E6B01-B9AE-4615-9B0D-7C5EC9CC9FFE}"
EndProject
Project("{FAE04EC0-301F-11D3-BF4B-00C04F79EFBC}") = "CommonCommunication", "Communication\CommonCommunication.csproj", "{EAA556AF-5DA8-4C20-8511-5D78D04786D0}"
EndProject
Project("{2150E333-8FDC-42A3-9474-1A3956D46DE8}") = "Solution Items", "Solution Items", "{CED90B10-CE11-4EFD-87CD-16DF8E2AC282}"
	ProjectSection(SolutionItems) = preProject
		README.md = README.md
		3rdParty\vJoyInstall.dll = 3rdParty\vJoyInstall.dll
		3rdParty\vJoyInterface.dll = 3rdParty\vJoyInterface.dll
		..\..\..\Program Files\vJoy\x64\vJoyInterfaceWrap.dll = ..\..\..\Program Files\vJoy\x64\vJoyInterfaceWrap.dll
	EndProjectSection
EndProject
Project("{FAE04EC0-301F-11D3-BF4B-00C04F79EFBC}") = "EliteJoystickService", "EliteJoystickService\EliteJoystickService.csproj", "{782CC3EB-12C5-403D-ACD0-3E009EF83FD7}"
EndProject
Project("{FAE04EC0-301F-11D3-BF4B-00C04F79EFBC}") = "EliteJoystickConsole", "EliteJoystickConsole\EliteJoystickConsole.csproj", "{7E9C00FC-5F1C-4C49-AEDD-A5A2EA22CF9D}"
EndProject
Project("{FAE04EC0-301F-11D3-BF4B-00C04F79EFBC}") = "EliteJoystickClient", "EliteJoystickClient\EliteJoystickClient.csproj", "{0B771627-5640-403F-9985-9E93539ADA6C}"
EndProject
Project("{FAE04EC0-301F-11D3-BF4B-00C04F79EFBC}") = "EddiJoystickResponder", "EddiJoystickResponder\EddiJoystickResponder.csproj", "{3E288CDA-C263-4669-9669-DD176E932985}"
EndProject
Project("{FAE04EC0-301F-11D3-BF4B-00C04F79EFBC}") = "ChromeController", "ChromeController\ChromeController.csproj", "{8DEB715D-8ADB-44DC-B985-033565DC4C3C}"
EndProject
Project("{FAE04EC0-301F-11D3-BF4B-00C04F79EFBC}") = "EddiJoystickResponderTest", "EliteJoystickTest\EddiJoystickResponderTest.csproj", "{1857F423-72C5-448B-9E6C-E1E588BCB883}"
EndProject
Project("{FAE04EC0-301F-11D3-BF4B-00C04F79EFBC}") = "EliteJoystickServiceTest", "EliteJoystickServiceTest\EliteJoystickServiceTest.csproj", "{D954D70D-4308-4426-BCB8-039B185A1292}"
EndProject
Project("{9A19103F-16F7-4668-BE54-9A1E7A4F7556}") = "vJoyMapping", "vJoyMapping\vJoyMapping.csproj", "{57D363BB-FBF9-4781-9CA8-2F3B8993AC74}"
EndProject
Project("{9A19103F-16F7-4668-BE54-9A1E7A4F7556}") = "EliteJoystick.Common", "EliteJoystick.Common\EliteJoystick.Common.csproj", "{3DFB3FBB-5E24-4942-8E30-83E99FED2D33}"
EndProject
Project("{9A19103F-16F7-4668-BE54-9A1E7A4F7556}") = "EliteGameStatus", "EliteGameStatus\EliteGameStatus.csproj", "{F14CE2DF-9F7C-4A6B-B0B5-A7744A575759}"
EndProject
Global
	GlobalSection(SolutionConfigurationPlatforms) = preSolution
		Debug|Any CPU = Debug|Any CPU
		Release|Any CPU = Release|Any CPU
	EndGlobalSection
	GlobalSection(ProjectConfigurationPlatforms) = postSolution
		{AB5E6B01-B9AE-4615-9B0D-7C5EC9CC9FFE}.Debug|Any CPU.ActiveCfg = Debug|Any CPU
		{AB5E6B01-B9AE-4615-9B0D-7C5EC9CC9FFE}.Debug|Any CPU.Build.0 = Debug|Any CPU
		{AB5E6B01-B9AE-4615-9B0D-7C5EC9CC9FFE}.Release|Any CPU.ActiveCfg = Release|Any CPU
		{AB5E6B01-B9AE-4615-9B0D-7C5EC9CC9FFE}.Release|Any CPU.Build.0 = Release|Any CPU
		{EAA556AF-5DA8-4C20-8511-5D78D04786D0}.Debug|Any CPU.ActiveCfg = Debug|Any CPU
		{EAA556AF-5DA8-4C20-8511-5D78D04786D0}.Debug|Any CPU.Build.0 = Debug|Any CPU
		{EAA556AF-5DA8-4C20-8511-5D78D04786D0}.Release|Any CPU.ActiveCfg = Release|Any CPU
		{EAA556AF-5DA8-4C20-8511-5D78D04786D0}.Release|Any CPU.Build.0 = Release|Any CPU
		{782CC3EB-12C5-403D-ACD0-3E009EF83FD7}.Debug|Any CPU.ActiveCfg = Debug|Any CPU
		{782CC3EB-12C5-403D-ACD0-3E009EF83FD7}.Debug|Any CPU.Build.0 = Debug|Any CPU
		{782CC3EB-12C5-403D-ACD0-3E009EF83FD7}.Release|Any CPU.ActiveCfg = Release|Any CPU
		{782CC3EB-12C5-403D-ACD0-3E009EF83FD7}.Release|Any CPU.Build.0 = Release|Any CPU
		{7E9C00FC-5F1C-4C49-AEDD-A5A2EA22CF9D}.Debug|Any CPU.ActiveCfg = Debug|Any CPU
		{7E9C00FC-5F1C-4C49-AEDD-A5A2EA22CF9D}.Debug|Any CPU.Build.0 = Debug|Any CPU
		{7E9C00FC-5F1C-4C49-AEDD-A5A2EA22CF9D}.Release|Any CPU.ActiveCfg = Release|Any CPU
		{7E9C00FC-5F1C-4C49-AEDD-A5A2EA22CF9D}.Release|Any CPU.Build.0 = Release|Any CPU
		{0B771627-5640-403F-9985-9E93539ADA6C}.Debug|Any CPU.ActiveCfg = Debug|Any CPU
		{0B771627-5640-403F-9985-9E93539ADA6C}.Debug|Any CPU.Build.0 = Debug|Any CPU
		{0B771627-5640-403F-9985-9E93539ADA6C}.Release|Any CPU.ActiveCfg = Release|Any CPU
		{0B771627-5640-403F-9985-9E93539ADA6C}.Release|Any CPU.Build.0 = Release|Any CPU
		{3E288CDA-C263-4669-9669-DD176E932985}.Debug|Any CPU.ActiveCfg = Debug|Any CPU
		{3E288CDA-C263-4669-9669-DD176E932985}.Debug|Any CPU.Build.0 = Debug|Any CPU
		{3E288CDA-C263-4669-9669-DD176E932985}.Release|Any CPU.ActiveCfg = Release|Any CPU
		{3E288CDA-C263-4669-9669-DD176E932985}.Release|Any CPU.Build.0 = Release|Any CPU
		{8DEB715D-8ADB-44DC-B985-033565DC4C3C}.Debug|Any CPU.ActiveCfg = Debug|Any CPU
		{8DEB715D-8ADB-44DC-B985-033565DC4C3C}.Debug|Any CPU.Build.0 = Debug|Any CPU
		{8DEB715D-8ADB-44DC-B985-033565DC4C3C}.Release|Any CPU.ActiveCfg = Release|Any CPU
		{8DEB715D-8ADB-44DC-B985-033565DC4C3C}.Release|Any CPU.Build.0 = Release|Any CPU
		{1857F423-72C5-448B-9E6C-E1E588BCB883}.Debug|Any CPU.ActiveCfg = Debug|Any CPU
		{1857F423-72C5-448B-9E6C-E1E588BCB883}.Debug|Any CPU.Build.0 = Debug|Any CPU
		{1857F423-72C5-448B-9E6C-E1E588BCB883}.Release|Any CPU.ActiveCfg = Release|Any CPU
		{1857F423-72C5-448B-9E6C-E1E588BCB883}.Release|Any CPU.Build.0 = Release|Any CPU
		{D954D70D-4308-4426-BCB8-039B185A1292}.Debug|Any CPU.ActiveCfg = Debug|Any CPU
		{D954D70D-4308-4426-BCB8-039B185A1292}.Debug|Any CPU.Build.0 = Debug|Any CPU
		{D954D70D-4308-4426-BCB8-039B185A1292}.Release|Any CPU.ActiveCfg = Release|Any CPU
		{D954D70D-4308-4426-BCB8-039B185A1292}.Release|Any CPU.Build.0 = Release|Any CPU
		{57D363BB-FBF9-4781-9CA8-2F3B8993AC74}.Debug|Any CPU.ActiveCfg = Debug|Any CPU
		{57D363BB-FBF9-4781-9CA8-2F3B8993AC74}.Debug|Any CPU.Build.0 = Debug|Any CPU
		{57D363BB-FBF9-4781-9CA8-2F3B8993AC74}.Release|Any CPU.ActiveCfg = Release|Any CPU
		{57D363BB-FBF9-4781-9CA8-2F3B8993AC74}.Release|Any CPU.Build.0 = Release|Any CPU
		{3DFB3FBB-5E24-4942-8E30-83E99FED2D33}.Debug|Any CPU.ActiveCfg = Debug|Any CPU
		{3DFB3FBB-5E24-4942-8E30-83E99FED2D33}.Debug|Any CPU.Build.0 = Debug|Any CPU
		{3DFB3FBB-5E24-4942-8E30-83E99FED2D33}.Release|Any CPU.ActiveCfg = Release|Any CPU
		{3DFB3FBB-5E24-4942-8E30-83E99FED2D33}.Release|Any CPU.Build.0 = Release|Any CPU
		{F14CE2DF-9F7C-4A6B-B0B5-A7744A575759}.Debug|Any CPU.ActiveCfg = Debug|Any CPU
		{F14CE2DF-9F7C-4A6B-B0B5-A7744A575759}.Debug|Any CPU.Build.0 = Debug|Any CPU
		{F14CE2DF-9F7C-4A6B-B0B5-A7744A575759}.Release|Any CPU.ActiveCfg = Release|Any CPU
		{F14CE2DF-9F7C-4A6B-B0B5-A7744A575759}.Release|Any CPU.Build.0 = Release|Any CPU
	EndGlobalSection
	GlobalSection(SolutionProperties) = preSolution
		HideSolutionNode = FALSE
	EndGlobalSection
	GlobalSection(ExtensibilityGlobals) = postSolution
		SolutionGuid = {FA6DFF6C-4FCA-462C-9D03-FE350875930A}
	EndGlobalSection
EndGlobal
