
Microsoft Visual Studio Solution File, Format Version 12.00
# Visual Studio Version 17
VisualStudioVersion = 17.4.33122.133
MinimumVisualStudioVersion = 10.0.40219.1
Project("{2150E333-8FDC-42A3-9474-1A3956D46DE8}") = "Solution Items", "Solution Items", "{CED90B10-CE11-4EFD-87CD-16DF8E2AC282}"
	ProjectSection(SolutionItems) = preProject
		README.md = README.md
		3rdParty\vJoyInstall.dll = 3rdParty\vJoyInstall.dll
		3rdParty\vJoyInterface.dll = 3rdParty\vJoyInterface.dll
		..\..\..\Program Files\vJoy\x64\vJoyInterfaceWrap.dll = ..\..\..\Program Files\vJoy\x64\vJoyInterfaceWrap.dll
	EndProjectSection
EndProject
Project("{9A19103F-16F7-4668-BE54-9A1E7A4F7556}") = "EliteJoystickService", "EliteJoystickService\EliteJoystickService.csproj", "{782CC3EB-12C5-403D-ACD0-3E009EF83FD7}"
EndProject
Project("{FAE04EC0-301F-11D3-BF4B-00C04F79EFBC}") = "EliteJoystickConsole", "EliteJoystickConsole\EliteJoystickConsole.csproj", "{7E9C00FC-5F1C-4C49-AEDD-A5A2EA22CF9D}"
EndProject
Project("{FAE04EC0-301F-11D3-BF4B-00C04F79EFBC}") = "EliteJoystickClient", "EliteJoystickClient\EliteJoystickClient.csproj", "{0B771627-5640-403F-9985-9E93539ADA6C}"
EndProject
Project("{FAE04EC0-301F-11D3-BF4B-00C04F79EFBC}") = "EliteJoystickServiceTest", "EliteJoystickServiceTest\EliteJoystickServiceTest.csproj", "{D954D70D-4308-4426-BCB8-039B185A1292}"
EndProject
Project("{9A19103F-16F7-4668-BE54-9A1E7A4F7556}") = "vJoyMapping", "vJoyMapping\vJoyMapping.csproj", "{57D363BB-FBF9-4781-9CA8-2F3B8993AC74}"
EndProject
Project("{9A19103F-16F7-4668-BE54-9A1E7A4F7556}") = "EliteJoystick.Common", "EliteJoystick.Common\EliteJoystick.Common.csproj", "{3DFB3FBB-5E24-4942-8E30-83E99FED2D33}"
EndProject
Project("{9A19103F-16F7-4668-BE54-9A1E7A4F7556}") = "EliteGameStatus", "EliteGameStatus\EliteGameStatus.csproj", "{F14CE2DF-9F7C-4A6B-B0B5-A7744A575759}"
EndProject
Project("{9A19103F-16F7-4668-BE54-9A1E7A4F7556}") = "EdsmConnector", "EdsmConnector\EdsmConnector.csproj", "{B3336B3C-B94A-48CC-8C6A-BC3FD32C78DF}"
EndProject
Project("{FAE04EC0-301F-11D3-BF4B-00C04F79EFBC}") = "EliteRemoteJoystick", "EliteRemoteJoystick\EliteRemoteJoystick.csproj", "{EB9ED620-047E-4CD6-8939-67BAD3412225}"
EndProject
Project("{9A19103F-16F7-4668-BE54-9A1E7A4F7556}") = "ForceFeedbackSharpDx", "..\EDForceFeedback\ForceFeedbackSharpDx\ForceFeedbackSharpDx.csproj", "{DB270371-D203-4AE8-9337-A0A28B4E4720}"
EndProject
Project("{9A19103F-16F7-4668-BE54-9A1E7A4F7556}") = "ForceFeedBackController", "ForceFeedBackController\ForceFeedBackController.csproj", "{38778405-6003-4F8B-8BDF-74C725BF0FDD}"
EndProject
Project("{9A19103F-16F7-4668-BE54-9A1E7A4F7556}") = "ArduinoCommunication", "ArduinoCommunication\ArduinoCommunication.csproj", "{672A790F-62AD-4EE0-85E5-A1E55A136FB6}"
EndProject
Project("{9A19103F-16F7-4668-BE54-9A1E7A4F7556}") = "CommonCommunication", "CommonCommunication\CommonCommunication.csproj", "{84A05C88-F406-4740-9ACC-0FF120B0BB15}"
EndProject
Project("{9A19103F-16F7-4668-BE54-9A1E7A4F7556}") = "vKeyboard", "vKeyboard\vKeyboard.csproj", "{DBE66AE9-D953-43F6-B26D-397FA638FAFB}"
EndProject
Project("{9A19103F-16F7-4668-BE54-9A1E7A4F7556}") = "EliteAPI", "EliteApi\EliteAPI\EliteAPI.csproj", "{79587B8E-94C8-4AE1-A5BE-D50D37D7FD3F}"
EndProject
Project("{9A19103F-16F7-4668-BE54-9A1E7A4F7556}") = "Voicemeeter", "..\VoicemeeterRemote\Voicemeeter\Voicemeeter.csproj", "{D1789EFE-C73D-4501-AC4E-07337096CA89}"
EndProject
Project("{FAE04EC0-301F-11D3-BF4B-00C04F79EFBC}") = "EliteDesktopApp", "EliteDesktopApp\EliteDesktopApp.csproj", "{813E6879-B657-4450-A3AE-C9983DF5CD34}"
EndProject
Global
	GlobalSection(SolutionConfigurationPlatforms) = preSolution
		Debug|Any CPU = Debug|Any CPU
		Debug|x86 = Debug|x86
		Release|Any CPU = Release|Any CPU
		Release|x86 = Release|x86
	EndGlobalSection
	GlobalSection(ProjectConfigurationPlatforms) = postSolution
		{782CC3EB-12C5-403D-ACD0-3E009EF83FD7}.Debug|Any CPU.ActiveCfg = Debug|Any CPU
		{782CC3EB-12C5-403D-ACD0-3E009EF83FD7}.Debug|Any CPU.Build.0 = Debug|Any CPU
		{782CC3EB-12C5-403D-ACD0-3E009EF83FD7}.Debug|x86.ActiveCfg = Debug|x86
		{782CC3EB-12C5-403D-ACD0-3E009EF83FD7}.Debug|x86.Build.0 = Debug|x86
		{782CC3EB-12C5-403D-ACD0-3E009EF83FD7}.Release|Any CPU.ActiveCfg = Release|Any CPU
		{782CC3EB-12C5-403D-ACD0-3E009EF83FD7}.Release|Any CPU.Build.0 = Release|Any CPU
		{782CC3EB-12C5-403D-ACD0-3E009EF83FD7}.Release|x86.ActiveCfg = Release|x86
		{782CC3EB-12C5-403D-ACD0-3E009EF83FD7}.Release|x86.Build.0 = Release|x86
		{7E9C00FC-5F1C-4C49-AEDD-A5A2EA22CF9D}.Debug|Any CPU.ActiveCfg = Debug|Any CPU
		{7E9C00FC-5F1C-4C49-AEDD-A5A2EA22CF9D}.Debug|Any CPU.Build.0 = Debug|Any CPU
		{7E9C00FC-5F1C-4C49-AEDD-A5A2EA22CF9D}.Debug|x86.ActiveCfg = Debug|Any CPU
		{7E9C00FC-5F1C-4C49-AEDD-A5A2EA22CF9D}.Debug|x86.Build.0 = Debug|Any CPU
		{7E9C00FC-5F1C-4C49-AEDD-A5A2EA22CF9D}.Release|Any CPU.ActiveCfg = Release|Any CPU
		{7E9C00FC-5F1C-4C49-AEDD-A5A2EA22CF9D}.Release|Any CPU.Build.0 = Release|Any CPU
		{7E9C00FC-5F1C-4C49-AEDD-A5A2EA22CF9D}.Release|x86.ActiveCfg = Release|Any CPU
		{7E9C00FC-5F1C-4C49-AEDD-A5A2EA22CF9D}.Release|x86.Build.0 = Release|Any CPU
		{0B771627-5640-403F-9985-9E93539ADA6C}.Debug|Any CPU.ActiveCfg = Debug|Any CPU
		{0B771627-5640-403F-9985-9E93539ADA6C}.Debug|Any CPU.Build.0 = Debug|Any CPU
		{0B771627-5640-403F-9985-9E93539ADA6C}.Debug|x86.ActiveCfg = Debug|Any CPU
		{0B771627-5640-403F-9985-9E93539ADA6C}.Debug|x86.Build.0 = Debug|Any CPU
		{0B771627-5640-403F-9985-9E93539ADA6C}.Release|Any CPU.ActiveCfg = Release|Any CPU
		{0B771627-5640-403F-9985-9E93539ADA6C}.Release|Any CPU.Build.0 = Release|Any CPU
		{0B771627-5640-403F-9985-9E93539ADA6C}.Release|x86.ActiveCfg = Release|Any CPU
		{0B771627-5640-403F-9985-9E93539ADA6C}.Release|x86.Build.0 = Release|Any CPU
		{D954D70D-4308-4426-BCB8-039B185A1292}.Debug|Any CPU.ActiveCfg = Debug|Any CPU
		{D954D70D-4308-4426-BCB8-039B185A1292}.Debug|Any CPU.Build.0 = Debug|Any CPU
		{D954D70D-4308-4426-BCB8-039B185A1292}.Debug|x86.ActiveCfg = Debug|Any CPU
		{D954D70D-4308-4426-BCB8-039B185A1292}.Release|Any CPU.ActiveCfg = Release|Any CPU
		{D954D70D-4308-4426-BCB8-039B185A1292}.Release|Any CPU.Build.0 = Release|Any CPU
		{D954D70D-4308-4426-BCB8-039B185A1292}.Release|x86.ActiveCfg = Release|Any CPU
		{57D363BB-FBF9-4781-9CA8-2F3B8993AC74}.Debug|Any CPU.ActiveCfg = Debug|Any CPU
		{57D363BB-FBF9-4781-9CA8-2F3B8993AC74}.Debug|Any CPU.Build.0 = Debug|Any CPU
		{57D363BB-FBF9-4781-9CA8-2F3B8993AC74}.Debug|x86.ActiveCfg = Debug|Any CPU
		{57D363BB-FBF9-4781-9CA8-2F3B8993AC74}.Debug|x86.Build.0 = Debug|Any CPU
		{57D363BB-FBF9-4781-9CA8-2F3B8993AC74}.Release|Any CPU.ActiveCfg = Release|Any CPU
		{57D363BB-FBF9-4781-9CA8-2F3B8993AC74}.Release|Any CPU.Build.0 = Release|Any CPU
		{57D363BB-FBF9-4781-9CA8-2F3B8993AC74}.Release|x86.ActiveCfg = Release|Any CPU
		{57D363BB-FBF9-4781-9CA8-2F3B8993AC74}.Release|x86.Build.0 = Release|Any CPU
		{3DFB3FBB-5E24-4942-8E30-83E99FED2D33}.Debug|Any CPU.ActiveCfg = Debug|Any CPU
		{3DFB3FBB-5E24-4942-8E30-83E99FED2D33}.Debug|Any CPU.Build.0 = Debug|Any CPU
		{3DFB3FBB-5E24-4942-8E30-83E99FED2D33}.Debug|x86.ActiveCfg = Debug|Any CPU
		{3DFB3FBB-5E24-4942-8E30-83E99FED2D33}.Debug|x86.Build.0 = Debug|Any CPU
		{3DFB3FBB-5E24-4942-8E30-83E99FED2D33}.Release|Any CPU.ActiveCfg = Release|Any CPU
		{3DFB3FBB-5E24-4942-8E30-83E99FED2D33}.Release|Any CPU.Build.0 = Release|Any CPU
		{3DFB3FBB-5E24-4942-8E30-83E99FED2D33}.Release|x86.ActiveCfg = Release|Any CPU
		{3DFB3FBB-5E24-4942-8E30-83E99FED2D33}.Release|x86.Build.0 = Release|Any CPU
		{F14CE2DF-9F7C-4A6B-B0B5-A7744A575759}.Debug|Any CPU.ActiveCfg = Debug|Any CPU
		{F14CE2DF-9F7C-4A6B-B0B5-A7744A575759}.Debug|Any CPU.Build.0 = Debug|Any CPU
		{F14CE2DF-9F7C-4A6B-B0B5-A7744A575759}.Debug|x86.ActiveCfg = Debug|Any CPU
		{F14CE2DF-9F7C-4A6B-B0B5-A7744A575759}.Debug|x86.Build.0 = Debug|Any CPU
		{F14CE2DF-9F7C-4A6B-B0B5-A7744A575759}.Release|Any CPU.ActiveCfg = Release|Any CPU
		{F14CE2DF-9F7C-4A6B-B0B5-A7744A575759}.Release|Any CPU.Build.0 = Release|Any CPU
		{F14CE2DF-9F7C-4A6B-B0B5-A7744A575759}.Release|x86.ActiveCfg = Release|Any CPU
		{F14CE2DF-9F7C-4A6B-B0B5-A7744A575759}.Release|x86.Build.0 = Release|Any CPU
		{B3336B3C-B94A-48CC-8C6A-BC3FD32C78DF}.Debug|Any CPU.ActiveCfg = Debug|Any CPU
		{B3336B3C-B94A-48CC-8C6A-BC3FD32C78DF}.Debug|Any CPU.Build.0 = Debug|Any CPU
		{B3336B3C-B94A-48CC-8C6A-BC3FD32C78DF}.Debug|x86.ActiveCfg = Debug|Any CPU
		{B3336B3C-B94A-48CC-8C6A-BC3FD32C78DF}.Debug|x86.Build.0 = Debug|Any CPU
		{B3336B3C-B94A-48CC-8C6A-BC3FD32C78DF}.Release|Any CPU.ActiveCfg = Release|Any CPU
		{B3336B3C-B94A-48CC-8C6A-BC3FD32C78DF}.Release|Any CPU.Build.0 = Release|Any CPU
		{B3336B3C-B94A-48CC-8C6A-BC3FD32C78DF}.Release|x86.ActiveCfg = Release|Any CPU
		{B3336B3C-B94A-48CC-8C6A-BC3FD32C78DF}.Release|x86.Build.0 = Release|Any CPU
		{EB9ED620-047E-4CD6-8939-67BAD3412225}.Debug|Any CPU.ActiveCfg = Debug|Any CPU
		{EB9ED620-047E-4CD6-8939-67BAD3412225}.Debug|Any CPU.Build.0 = Debug|Any CPU
		{EB9ED620-047E-4CD6-8939-67BAD3412225}.Debug|x86.ActiveCfg = Debug|Any CPU
		{EB9ED620-047E-4CD6-8939-67BAD3412225}.Release|Any CPU.ActiveCfg = Release|Any CPU
		{EB9ED620-047E-4CD6-8939-67BAD3412225}.Release|Any CPU.Build.0 = Release|Any CPU
		{EB9ED620-047E-4CD6-8939-67BAD3412225}.Release|x86.ActiveCfg = Release|Any CPU
		{DB270371-D203-4AE8-9337-A0A28B4E4720}.Debug|Any CPU.ActiveCfg = Debug|Any CPU
		{DB270371-D203-4AE8-9337-A0A28B4E4720}.Debug|Any CPU.Build.0 = Debug|Any CPU
		{DB270371-D203-4AE8-9337-A0A28B4E4720}.Debug|x86.ActiveCfg = Debug|Any CPU
		{DB270371-D203-4AE8-9337-A0A28B4E4720}.Debug|x86.Build.0 = Debug|Any CPU
		{DB270371-D203-4AE8-9337-A0A28B4E4720}.Release|Any CPU.ActiveCfg = Release|Any CPU
		{DB270371-D203-4AE8-9337-A0A28B4E4720}.Release|Any CPU.Build.0 = Release|Any CPU
		{DB270371-D203-4AE8-9337-A0A28B4E4720}.Release|x86.ActiveCfg = Release|Any CPU
		{DB270371-D203-4AE8-9337-A0A28B4E4720}.Release|x86.Build.0 = Release|Any CPU
		{38778405-6003-4F8B-8BDF-74C725BF0FDD}.Debug|Any CPU.ActiveCfg = Debug|Any CPU
		{38778405-6003-4F8B-8BDF-74C725BF0FDD}.Debug|Any CPU.Build.0 = Debug|Any CPU
		{38778405-6003-4F8B-8BDF-74C725BF0FDD}.Debug|x86.ActiveCfg = Debug|Any CPU
		{38778405-6003-4F8B-8BDF-74C725BF0FDD}.Debug|x86.Build.0 = Debug|Any CPU
		{38778405-6003-4F8B-8BDF-74C725BF0FDD}.Release|Any CPU.ActiveCfg = Release|Any CPU
		{38778405-6003-4F8B-8BDF-74C725BF0FDD}.Release|Any CPU.Build.0 = Release|Any CPU
		{38778405-6003-4F8B-8BDF-74C725BF0FDD}.Release|x86.ActiveCfg = Release|Any CPU
		{38778405-6003-4F8B-8BDF-74C725BF0FDD}.Release|x86.Build.0 = Release|Any CPU
		{672A790F-62AD-4EE0-85E5-A1E55A136FB6}.Debug|Any CPU.ActiveCfg = Debug|Any CPU
		{672A790F-62AD-4EE0-85E5-A1E55A136FB6}.Debug|Any CPU.Build.0 = Debug|Any CPU
		{672A790F-62AD-4EE0-85E5-A1E55A136FB6}.Debug|x86.ActiveCfg = Debug|Any CPU
		{672A790F-62AD-4EE0-85E5-A1E55A136FB6}.Debug|x86.Build.0 = Debug|Any CPU
		{672A790F-62AD-4EE0-85E5-A1E55A136FB6}.Release|Any CPU.ActiveCfg = Release|Any CPU
		{672A790F-62AD-4EE0-85E5-A1E55A136FB6}.Release|Any CPU.Build.0 = Release|Any CPU
		{672A790F-62AD-4EE0-85E5-A1E55A136FB6}.Release|x86.ActiveCfg = Release|Any CPU
		{672A790F-62AD-4EE0-85E5-A1E55A136FB6}.Release|x86.Build.0 = Release|Any CPU
		{84A05C88-F406-4740-9ACC-0FF120B0BB15}.Debug|Any CPU.ActiveCfg = Debug|Any CPU
		{84A05C88-F406-4740-9ACC-0FF120B0BB15}.Debug|Any CPU.Build.0 = Debug|Any CPU
		{84A05C88-F406-4740-9ACC-0FF120B0BB15}.Debug|x86.ActiveCfg = Debug|Any CPU
		{84A05C88-F406-4740-9ACC-0FF120B0BB15}.Debug|x86.Build.0 = Debug|Any CPU
		{84A05C88-F406-4740-9ACC-0FF120B0BB15}.Release|Any CPU.ActiveCfg = Release|Any CPU
		{84A05C88-F406-4740-9ACC-0FF120B0BB15}.Release|Any CPU.Build.0 = Release|Any CPU
		{84A05C88-F406-4740-9ACC-0FF120B0BB15}.Release|x86.ActiveCfg = Release|Any CPU
		{84A05C88-F406-4740-9ACC-0FF120B0BB15}.Release|x86.Build.0 = Release|Any CPU
		{DBE66AE9-D953-43F6-B26D-397FA638FAFB}.Debug|Any CPU.ActiveCfg = Debug|Any CPU
		{DBE66AE9-D953-43F6-B26D-397FA638FAFB}.Debug|Any CPU.Build.0 = Debug|Any CPU
		{DBE66AE9-D953-43F6-B26D-397FA638FAFB}.Debug|x86.ActiveCfg = Debug|Any CPU
		{DBE66AE9-D953-43F6-B26D-397FA638FAFB}.Debug|x86.Build.0 = Debug|Any CPU
		{DBE66AE9-D953-43F6-B26D-397FA638FAFB}.Release|Any CPU.ActiveCfg = Release|Any CPU
		{DBE66AE9-D953-43F6-B26D-397FA638FAFB}.Release|Any CPU.Build.0 = Release|Any CPU
		{DBE66AE9-D953-43F6-B26D-397FA638FAFB}.Release|x86.ActiveCfg = Release|Any CPU
		{DBE66AE9-D953-43F6-B26D-397FA638FAFB}.Release|x86.Build.0 = Release|Any CPU
		{79587B8E-94C8-4AE1-A5BE-D50D37D7FD3F}.Debug|Any CPU.ActiveCfg = Debug|Any CPU
		{79587B8E-94C8-4AE1-A5BE-D50D37D7FD3F}.Debug|Any CPU.Build.0 = Debug|Any CPU
		{79587B8E-94C8-4AE1-A5BE-D50D37D7FD3F}.Debug|x86.ActiveCfg = Debug|Any CPU
		{79587B8E-94C8-4AE1-A5BE-D50D37D7FD3F}.Release|Any CPU.ActiveCfg = Release|Any CPU
		{79587B8E-94C8-4AE1-A5BE-D50D37D7FD3F}.Release|Any CPU.Build.0 = Release|Any CPU
		{79587B8E-94C8-4AE1-A5BE-D50D37D7FD3F}.Release|x86.ActiveCfg = Release|Any CPU
		{D1789EFE-C73D-4501-AC4E-07337096CA89}.Debug|Any CPU.ActiveCfg = Debug|Any CPU
		{D1789EFE-C73D-4501-AC4E-07337096CA89}.Debug|Any CPU.Build.0 = Debug|Any CPU
		{D1789EFE-C73D-4501-AC4E-07337096CA89}.Debug|x86.ActiveCfg = Debug|Any CPU
		{D1789EFE-C73D-4501-AC4E-07337096CA89}.Debug|x86.Build.0 = Debug|Any CPU
		{D1789EFE-C73D-4501-AC4E-07337096CA89}.Release|Any CPU.ActiveCfg = Release|Any CPU
		{D1789EFE-C73D-4501-AC4E-07337096CA89}.Release|Any CPU.Build.0 = Release|Any CPU
		{D1789EFE-C73D-4501-AC4E-07337096CA89}.Release|x86.ActiveCfg = Release|Any CPU
		{D1789EFE-C73D-4501-AC4E-07337096CA89}.Release|x86.Build.0 = Release|Any CPU
		{813E6879-B657-4450-A3AE-C9983DF5CD34}.Debug|Any CPU.ActiveCfg = Debug|Any CPU
		{813E6879-B657-4450-A3AE-C9983DF5CD34}.Debug|Any CPU.Build.0 = Debug|Any CPU
		{813E6879-B657-4450-A3AE-C9983DF5CD34}.Debug|x86.ActiveCfg = Debug|Any CPU
		{813E6879-B657-4450-A3AE-C9983DF5CD34}.Debug|x86.Build.0 = Debug|Any CPU
		{813E6879-B657-4450-A3AE-C9983DF5CD34}.Release|Any CPU.ActiveCfg = Release|Any CPU
		{813E6879-B657-4450-A3AE-C9983DF5CD34}.Release|Any CPU.Build.0 = Release|Any CPU
		{813E6879-B657-4450-A3AE-C9983DF5CD34}.Release|x86.ActiveCfg = Release|Any CPU
		{813E6879-B657-4450-A3AE-C9983DF5CD34}.Release|x86.Build.0 = Release|Any CPU
	EndGlobalSection
	GlobalSection(SolutionProperties) = preSolution
		HideSolutionNode = FALSE
	EndGlobalSection
	GlobalSection(ExtensibilityGlobals) = postSolution
		SolutionGuid = {FA6DFF6C-4FCA-462C-9D03-FE350875930A}
	EndGlobalSection
EndGlobal
