
Microsoft Visual Studio Solution File, Format Version 12.00
# Visual Studio 14
VisualStudioVersion = 14.0.25420.1
MinimumVisualStudioVersion = 10.0.40219.1
Project("{FAE04EC0-301F-11D3-BF4B-00C04F79EFBC}") = "EliteJoystick", "EliteJoystick\EliteJoystick.csproj", "{9D83154C-46C5-4602-881E-4FF42E2CC726}"
EndProject
Project("{FAE04EC0-301F-11D3-BF4B-00C04F79EFBC}") = "Faz.SideWinderSC.Logic", "Faz.SideWinderSC.Logic\Faz.SideWinderSC.Logic.csproj", "{EA9BDD2D-E8FD-4D03-8CDB-CCC34CA3C85E}"
EndProject
Project("{FAE04EC0-301F-11D3-BF4B-00C04F79EFBC}") = "ArduinoCommunication", "ArduinoCommunication\ArduinoCommunication.csproj", "{AB5E6B01-B9AE-4615-9B0D-7C5EC9CC9FFE}"
EndProject
Project("{FAE04EC0-301F-11D3-BF4B-00C04F79EFBC}") = "Communication", "Communication\Communication.csproj", "{EAA556AF-5DA8-4C20-8511-5D78D04786D0}"
EndProject
Project("{2150E333-8FDC-42A3-9474-1A3956D46DE8}") = "Solution Items", "Solution Items", "{CED90B10-CE11-4EFD-87CD-16DF8E2AC282}"
EndProject
Project("{FAE04EC0-301F-11D3-BF4B-00C04F79EFBC}") = "EDDIConnector", "EDDIConnector\EDDIConnector.csproj", "{9354B778-1B41-4EAB-9680-8C67224A1EFB}"
EndProject
Global
	GlobalSection(SolutionConfigurationPlatforms) = preSolution
		Debug|Any CPU = Debug|Any CPU
		Release|Any CPU = Release|Any CPU
	EndGlobalSection
	GlobalSection(ProjectConfigurationPlatforms) = postSolution
		{9D83154C-46C5-4602-881E-4FF42E2CC726}.Debug|Any CPU.ActiveCfg = Debug|Any CPU
		{9D83154C-46C5-4602-881E-4FF42E2CC726}.Debug|Any CPU.Build.0 = Debug|Any CPU
		{9D83154C-46C5-4602-881E-4FF42E2CC726}.Release|Any CPU.ActiveCfg = Release|Any CPU
		{9D83154C-46C5-4602-881E-4FF42E2CC726}.Release|Any CPU.Build.0 = Release|Any CPU
		{EA9BDD2D-E8FD-4D03-8CDB-CCC34CA3C85E}.Debug|Any CPU.ActiveCfg = Debug|Any CPU
		{EA9BDD2D-E8FD-4D03-8CDB-CCC34CA3C85E}.Debug|Any CPU.Build.0 = Debug|Any CPU
		{EA9BDD2D-E8FD-4D03-8CDB-CCC34CA3C85E}.Release|Any CPU.ActiveCfg = Release|Any CPU
		{EA9BDD2D-E8FD-4D03-8CDB-CCC34CA3C85E}.Release|Any CPU.Build.0 = Release|Any CPU
		{AB5E6B01-B9AE-4615-9B0D-7C5EC9CC9FFE}.Debug|Any CPU.ActiveCfg = Debug|Any CPU
		{AB5E6B01-B9AE-4615-9B0D-7C5EC9CC9FFE}.Debug|Any CPU.Build.0 = Debug|Any CPU
		{AB5E6B01-B9AE-4615-9B0D-7C5EC9CC9FFE}.Release|Any CPU.ActiveCfg = Release|Any CPU
		{AB5E6B01-B9AE-4615-9B0D-7C5EC9CC9FFE}.Release|Any CPU.Build.0 = Release|Any CPU
		{EAA556AF-5DA8-4C20-8511-5D78D04786D0}.Debug|Any CPU.ActiveCfg = Debug|Any CPU
		{EAA556AF-5DA8-4C20-8511-5D78D04786D0}.Debug|Any CPU.Build.0 = Debug|Any CPU
		{EAA556AF-5DA8-4C20-8511-5D78D04786D0}.Release|Any CPU.ActiveCfg = Release|Any CPU
		{EAA556AF-5DA8-4C20-8511-5D78D04786D0}.Release|Any CPU.Build.0 = Release|Any CPU
		{9354B778-1B41-4EAB-9680-8C67224A1EFB}.Debug|Any CPU.ActiveCfg = Debug|Any CPU
		{9354B778-1B41-4EAB-9680-8C67224A1EFB}.Release|Any CPU.ActiveCfg = Release|Any CPU
	EndGlobalSection
	GlobalSection(SolutionProperties) = preSolution
		HideSolutionNode = FALSE
	EndGlobalSection
EndGlobal
